PODS:
  - OnGestureSwift (0.2.0)
  - ProjectOxfordFace (1.4.0)

DEPENDENCIES:
  - OnGestureSwift
  - ProjectOxfordFace

SPEC REPOS:
  https://github.com/CocoaPods/Specs.git:
    - OnGestureSwift
    - ProjectOxfordFace

SPEC CHECKSUMS:
  OnGestureSwift: 4cbfc4467c1f9bb3153fcb4a17ef50d486d50ffc
  ProjectOxfordFace: c18d8303cff1c378eaee49828f836014eecbc27c

PODFILE CHECKSUM: 449a0fb834c7bb1b17e8ebe3701ac34a5056d12b

COCOAPODS: 1.5.0
